
Microsoft Visual Studio Solution File, Format Version 12.00
# Visual Studio Version 17
VisualStudioVersion = 17.2.32630.192
MinimumVisualStudioVersion = 10.0.40219.1
Project("{FAE04EC0-301F-11D3-BF4B-00C04F79EFBC}") = "PositiveSolutions", "PositiveSolutions\PositiveSolutions.csproj", "{94944704-7A2F-400B-AA05-A33654DE12F6}"
EndProject
Global
	GlobalSection(SolutionConfigurationPlatforms) = preSolution
		Debug|Any CPU = Debug|Any CPU
		Release|Any CPU = Release|Any CPU
	EndGlobalSection
	GlobalSection(ProjectConfigurationPlatforms) = postSolution
		{94944704-7A2F-400B-AA05-A33654DE12F6}.Debug|Any CPU.ActiveCfg = Debug|Any CPU
		{94944704-7A2F-400B-AA05-A33654DE12F6}.Debug|Any CPU.Build.0 = Debug|Any CPU
		{94944704-7A2F-400B-AA05-A33654DE12F6}.Release|Any CPU.ActiveCfg = Release|Any CPU
		{94944704-7A2F-400B-AA05-A33654DE12F6}.Release|Any CPU.Build.0 = Release|Any CPU
	EndGlobalSection
	GlobalSection(SolutionProperties) = preSolution
		HideSolutionNode = FALSE
	EndGlobalSection
	GlobalSection(ExtensibilityGlobals) = postSolution
		SolutionGuid = {57B84500-E305-46DB-9B23-D04B69965AC8}
	EndGlobalSection
EndGlobal
